
Microsoft Visual Studio Solution File, Format Version 12.00
# Visual Studio Version 17
VisualStudioVersion = 17.8.34525.116
MinimumVisualStudioVersion = 10.0.40219.1
Project("{9A19103F-16F7-4668-BE54-9A1E7A4F7556}") = "TutoringPlatform", "TutoringPlatform\TutoringPlatform\TutoringPlatform.csproj", "{0829D60E-B694-4270-9831-2AE851C6D0A3}"
EndProject
Project("{9A19103F-16F7-4668-BE54-9A1E7A4F7556}") = "TutoringPlatform.Client", "TutoringPlatform\TutoringPlatform.Client\TutoringPlatform.Client.csproj", "{58BEE8DF-D7CB-46D8-BB96-927DB24BB1B5}"
EndProject
Project("{FAE04EC0-301F-11D3-BF4B-00C04F79EFBC}") = "TutoringPlatform.Shared", "TutoringPlatform.Shared\TutoringPlatform.Shared.csproj", "{9FD204DF-E1C9-486D-8086-387EB5BE8A8B}"
EndProject
Global
	GlobalSection(SolutionConfigurationPlatforms) = preSolution
		Debug|Any CPU = Debug|Any CPU
		Release|Any CPU = Release|Any CPU
	EndGlobalSection
	GlobalSection(ProjectConfigurationPlatforms) = postSolution
		{0829D60E-B694-4270-9831-2AE851C6D0A3}.Debug|Any CPU.ActiveCfg = Debug|Any CPU
		{0829D60E-B694-4270-9831-2AE851C6D0A3}.Debug|Any CPU.Build.0 = Debug|Any CPU
		{0829D60E-B694-4270-9831-2AE851C6D0A3}.Release|Any CPU.ActiveCfg = Release|Any CPU
		{0829D60E-B694-4270-9831-2AE851C6D0A3}.Release|Any CPU.Build.0 = Release|Any CPU
		{58BEE8DF-D7CB-46D8-BB96-927DB24BB1B5}.Debug|Any CPU.ActiveCfg = Debug|Any CPU
		{58BEE8DF-D7CB-46D8-BB96-927DB24BB1B5}.Debug|Any CPU.Build.0 = Debug|Any CPU
		{58BEE8DF-D7CB-46D8-BB96-927DB24BB1B5}.Release|Any CPU.ActiveCfg = Release|Any CPU
		{58BEE8DF-D7CB-46D8-BB96-927DB24BB1B5}.Release|Any CPU.Build.0 = Release|Any CPU
		{9FD204DF-E1C9-486D-8086-387EB5BE8A8B}.Debug|Any CPU.ActiveCfg = Debug|Any CPU
		{9FD204DF-E1C9-486D-8086-387EB5BE8A8B}.Debug|Any CPU.Build.0 = Debug|Any CPU
		{9FD204DF-E1C9-486D-8086-387EB5BE8A8B}.Release|Any CPU.ActiveCfg = Release|Any CPU
		{9FD204DF-E1C9-486D-8086-387EB5BE8A8B}.Release|Any CPU.Build.0 = Release|Any CPU
	EndGlobalSection
	GlobalSection(SolutionProperties) = preSolution
		HideSolutionNode = FALSE
	EndGlobalSection
	GlobalSection(ExtensibilityGlobals) = postSolution
		SolutionGuid = {BF28031D-CCC5-475A-AD34-D8436AA1B579}
	EndGlobalSection
EndGlobal
